
Microsoft Visual Studio Solution File, Format Version 12.00
# Visual Studio Version 17
VisualStudioVersion = 17.6.33829.357
MinimumVisualStudioVersion = 10.0.40219.1
Project("{FAE04EC0-301F-11D3-BF4B-00C04F79EFBC}") = "test", "test\test.csproj", "{B5387F10-00D4-4EC4-9A41-FB398A74881A}"
EndProject
Global
	GlobalSection(SolutionConfigurationPlatforms) = preSolution
		Debug|Any CPU = Debug|Any CPU
		Release|Any CPU = Release|Any CPU
	EndGlobalSection
	GlobalSection(ProjectConfigurationPlatforms) = postSolution
		{B5387F10-00D4-4EC4-9A41-FB398A74881A}.Debug|Any CPU.ActiveCfg = Debug|Any CPU
		{B5387F10-00D4-4EC4-9A41-FB398A74881A}.Debug|Any CPU.Build.0 = Debug|Any CPU
		{B5387F10-00D4-4EC4-9A41-FB398A74881A}.Release|Any CPU.ActiveCfg = Release|Any CPU
		{B5387F10-00D4-4EC4-9A41-FB398A74881A}.Release|Any CPU.Build.0 = Release|Any CPU
	EndGlobalSection
	GlobalSection(SolutionProperties) = preSolution
		HideSolutionNode = FALSE
	EndGlobalSection
	GlobalSection(ExtensibilityGlobals) = postSolution
		SolutionGuid = {FC961487-B2EC-4471-BE8A-7F8EBB29C447}
	EndGlobalSection
EndGlobal
